
Microsoft Visual Studio Solution File, Format Version 12.00
# Visual Studio Version 16
VisualStudioVersion = 16.0.31702.278
MinimumVisualStudioVersion = 10.0.40219.1
Project("{FAE04EC0-301F-11D3-BF4B-00C04F79EFBC}") = "IndianSystemCensusAnalyzer", "IndianSystemCensusAnalyzer\IndianSystemCensusAnalyzer.csproj", "{8CCA47DD-ECB6-4950-B9DF-0CDE32451D49}"
EndProject
Global
	GlobalSection(SolutionConfigurationPlatforms) = preSolution
		Debug|Any CPU = Debug|Any CPU
		Release|Any CPU = Release|Any CPU
	EndGlobalSection
	GlobalSection(ProjectConfigurationPlatforms) = postSolution
		{8CCA47DD-ECB6-4950-B9DF-0CDE32451D49}.Debug|Any CPU.ActiveCfg = Debug|Any CPU
		{8CCA47DD-ECB6-4950-B9DF-0CDE32451D49}.Debug|Any CPU.Build.0 = Debug|Any CPU
		{8CCA47DD-ECB6-4950-B9DF-0CDE32451D49}.Release|Any CPU.ActiveCfg = Release|Any CPU
		{8CCA47DD-ECB6-4950-B9DF-0CDE32451D49}.Release|Any CPU.Build.0 = Release|Any CPU
	EndGlobalSection
	GlobalSection(SolutionProperties) = preSolution
		HideSolutionNode = FALSE
	EndGlobalSection
	GlobalSection(ExtensibilityGlobals) = postSolution
		SolutionGuid = {7391CE14-8ABC-48AF-9453-8F59712C5F2A}
	EndGlobalSection
EndGlobal
